// !$*UTF8*$!
{
	archiveVersion = 1;
	classes = {
	};
	objectVersion = 55;
	objects = {

/* Begin PBXBuildFile section */
		9E120E8828AE4B7600996E01 /* AppDelegate.swift in Sources */ = {isa = PBXBuildFile; fileRef = 9E120E8728AE4B7600996E01 /* AppDelegate.swift */; };
		9E120E8A28AE4B7600996E01 /* SceneDelegate.swift in Sources */ = {isa = PBXBuildFile; fileRef = 9E120E8928AE4B7600996E01 /* SceneDelegate.swift */; };
		9E120E8C28AE4B7600996E01 /* LoginViewController.swift in Sources */ = {isa = PBXBuildFile; fileRef = 9E120E8B28AE4B7600996E01 /* LoginViewController.swift */; };
		9E120E8F28AE4B7600996E01 /* Main.storyboard in Resources */ = {isa = PBXBuildFile; fileRef = 9E120E8D28AE4B7600996E01 /* Main.storyboard */; };
		9E120E9228AE4B7600996E01 /* CaseStudy1.xcdatamodeld in Sources */ = {isa = PBXBuildFile; fileRef = 9E120E9028AE4B7600996E01 /* CaseStudy1.xcdatamodeld */; };
		9E120E9428AE4B7700996E01 /* Assets.xcassets in Resources */ = {isa = PBXBuildFile; fileRef = 9E120E9328AE4B7700996E01 /* Assets.xcassets */; };
		9E120E9728AE4B7700996E01 /* LaunchScreen.storyboard in Resources */ = {isa = PBXBuildFile; fileRef = 9E120E9528AE4B7700996E01 /* LaunchScreen.storyboard */; };
		9E120EA228AE4B7700996E01 /* CaseStudy1Tests.swift in Sources */ = {isa = PBXBuildFile; fileRef = 9E120EA128AE4B7700996E01 /* CaseStudy1Tests.swift */; };
		9E120EAC28AE4B7700996E01 /* CaseStudy1UITests.swift in Sources */ = {isa = PBXBuildFile; fileRef = 9E120EAB28AE4B7700996E01 /* CaseStudy1UITests.swift */; };
		9E120EAE28AE4B7700996E01 /* CaseStudy1UITestsLaunchTests.swift in Sources */ = {isa = PBXBuildFile; fileRef = 9E120EAD28AE4B7700996E01 /* CaseStudy1UITestsLaunchTests.swift */; };
		9E120EBB28AE535700996E01 /* SignUpViewController.swift in Sources */ = {isa = PBXBuildFile; fileRef = 9E120EBA28AE535700996E01 /* SignUpViewController.swift */; };
		9E120EBD28AE82D800996E01 /* EmployeeViewController.swift in Sources */ = {isa = PBXBuildFile; fileRef = 9E120EBC28AE82D800996E01 /* EmployeeViewController.swift */; };
		9E17C18028C5BA2E00578D4C /* MapViewController.swift in Sources */ = {isa = PBXBuildFile; fileRef = 9E17C17F28C5BA2E00578D4C /* MapViewController.swift */; };
		9E56A8A928C07FD800E9D31E /* NetworkCallViewController.swift in Sources */ = {isa = PBXBuildFile; fileRef = 9E56A8A828C07FD800E9D31E /* NetworkCallViewController.swift */; };
		9E66A4BB28C0C43400B09C88 /* Books.xml in Resources */ = {isa = PBXBuildFile; fileRef = 9E66A4BA28C0C43400B09C88 /* Books.xml */; };
		9E828A7E28BE01CB00E19300 /* RowSelectedViewController.swift in Sources */ = {isa = PBXBuildFile; fileRef = 9E828A7D28BE01CB00E19300 /* RowSelectedViewController.swift */; };
		9E828A8028BE214500E19300 /* ForgotPasswordViewController.swift in Sources */ = {isa = PBXBuildFile; fileRef = 9E828A7F28BE214500E19300 /* ForgotPasswordViewController.swift */; };
		9EDDC66B28C1D352000DA36D /* Users.json in Resources */ = {isa = PBXBuildFile; fileRef = 9EDDC66A28C1D352000DA36D /* Users.json */; };
		9EDDC66D28C1DA55000DA36D /* OfflineJsonViewController.swift in Sources */ = {isa = PBXBuildFile; fileRef = 9EDDC66C28C1DA55000DA36D /* OfflineJsonViewController.swift */; };
/* End PBXBuildFile section */

/* Begin PBXContainerItemProxy section */
		9E120E9E28AE4B7700996E01 /* PBXContainerItemProxy */ = {
			isa = PBXContainerItemProxy;
			containerPortal = 9E120E7C28AE4B7600996E01 /* Project object */;
			proxyType = 1;
			remoteGlobalIDString = 9E120E8328AE4B7600996E01;
			remoteInfo = CaseStudy1;
		};
		9E120EA828AE4B7700996E01 /* PBXContainerItemProxy */ = {
			isa = PBXContainerItemProxy;
			containerPortal = 9E120E7C28AE4B7600996E01 /* Project object */;
			proxyType = 1;
			remoteGlobalIDString = 9E120E8328AE4B7600996E01;
			remoteInfo = CaseStudy1;
		};
/* End PBXContainerItemProxy section */

/* Begin PBXFileReference section */
		9E120E8428AE4B7600996E01 /* CaseStudy1.app */ = {isa = PBXFileReference; explicitFileType = wrapper.application; includeInIndex = 0; path = CaseStudy1.app; sourceTree = BUILT_PRODUCTS_DIR; };
		9E120E8728AE4B7600996E01 /* AppDelegate.swift */ = {isa = PBXFileReference; lastKnownFileType = sourcecode.swift; path = AppDelegate.swift; sourceTree = "<group>"; };
		9E120E8928AE4B7600996E01 /* SceneDelegate.swift */ = {isa = PBXFileReference; lastKnownFileType = sourcecode.swift; path = SceneDelegate.swift; sourceTree = "<group>"; };
		9E120E8B28AE4B7600996E01 /* LoginViewController.swift */ = {isa = PBXFileReference; lastKnownFileType = sourcecode.swift; path = LoginViewController.swift; sourceTree = "<group>"; };
		9E120E8E28AE4B7600996E01 /* Base */ = {isa = PBXFileReference; lastKnownFileType = file.storyboard; name = Base; path = Base.lproj/Main.storyboard; sourceTree = "<group>"; };
		9E120E9128AE4B7600996E01 /* CaseStudy1.xcdatamodel */ = {isa = PBXFileReference; lastKnownFileType = wrapper.xcdatamodel; path = CaseStudy1.xcdatamodel; sourceTree = "<group>"; };
		9E120E9328AE4B7700996E01 /* Assets.xcassets */ = {isa = PBXFileReference; lastKnownFileType = folder.assetcatalog; path = Assets.xcassets; sourceTree = "<group>"; };
		9E120E9628AE4B7700996E01 /* Base */ = {isa = PBXFileReference; lastKnownFileType = file.storyboard; name = Base; path = Base.lproj/LaunchScreen.storyboard; sourceTree = "<group>"; };
		9E120E9828AE4B7700996E01 /* Info.plist */ = {isa = PBXFileReference; lastKnownFileType = text.plist.xml; path = Info.plist; sourceTree = "<group>"; };
		9E120E9D28AE4B7700996E01 /* CaseStudy1Tests.xctest */ = {isa = PBXFileReference; explicitFileType = wrapper.cfbundle; includeInIndex = 0; path = CaseStudy1Tests.xctest; sourceTree = BUILT_PRODUCTS_DIR; };
		9E120EA128AE4B7700996E01 /* CaseStudy1Tests.swift */ = {isa = PBXFileReference; lastKnownFileType = sourcecode.swift; path = CaseStudy1Tests.swift; sourceTree = "<group>"; };
		9E120EA728AE4B7700996E01 /* CaseStudy1UITests.xctest */ = {isa = PBXFileReference; explicitFileType = wrapper.cfbundle; includeInIndex = 0; path = CaseStudy1UITests.xctest; sourceTree = BUILT_PRODUCTS_DIR; };
		9E120EAB28AE4B7700996E01 /* CaseStudy1UITests.swift */ = {isa = PBXFileReference; lastKnownFileType = sourcecode.swift; path = CaseStudy1UITests.swift; sourceTree = "<group>"; };
		9E120EAD28AE4B7700996E01 /* CaseStudy1UITestsLaunchTests.swift */ = {isa = PBXFileReference; lastKnownFileType = sourcecode.swift; path = CaseStudy1UITestsLaunchTests.swift; sourceTree = "<group>"; };
		9E120EBA28AE535700996E01 /* SignUpViewController.swift */ = {isa = PBXFileReference; lastKnownFileType = sourcecode.swift; path = SignUpViewController.swift; sourceTree = "<group>"; };
		9E120EBC28AE82D800996E01 /* EmployeeViewController.swift */ = {isa = PBXFileReference; lastKnownFileType = sourcecode.swift; path = EmployeeViewController.swift; sourceTree = "<group>"; };
		9E17C17F28C5BA2E00578D4C /* MapViewController.swift */ = {isa = PBXFileReference; lastKnownFileType = sourcecode.swift; path = MapViewController.swift; sourceTree = "<group>"; };
		9E56A8A828C07FD800E9D31E /* NetworkCallViewController.swift */ = {isa = PBXFileReference; lastKnownFileType = sourcecode.swift; path = NetworkCallViewController.swift; sourceTree = "<group>"; };
		9E66A4BA28C0C43400B09C88 /* Books.xml */ = {isa = PBXFileReference; lastKnownFileType = text.xml; path = Books.xml; sourceTree = "<group>"; };
		9E828A7D28BE01CB00E19300 /* RowSelectedViewController.swift */ = {isa = PBXFileReference; lastKnownFileType = sourcecode.swift; path = RowSelectedViewController.swift; sourceTree = "<group>"; };
		9E828A7F28BE214500E19300 /* ForgotPasswordViewController.swift */ = {isa = PBXFileReference; lastKnownFileType = sourcecode.swift; path = ForgotPasswordViewController.swift; sourceTree = "<group>"; };
		9EDDC66A28C1D352000DA36D /* Users.json */ = {isa = PBXFileReference; fileEncoding = 4; lastKnownFileType = text.json; name = Users.json; path = ../../../../Downloads/Users.json; sourceTree = "<group>"; };
		9EDDC66C28C1DA55000DA36D /* OfflineJsonViewController.swift */ = {isa = PBXFileReference; lastKnownFileType = sourcecode.swift; path = OfflineJsonViewController.swift; sourceTree = "<group>"; };
/* End PBXFileReference section */

/* Begin PBXFrameworksBuildPhase section */
		9E120E8128AE4B7600996E01 /* Frameworks */ = {
			isa = PBXFrameworksBuildPhase;
			buildActionMask = 2147483647;
			files = (
			);
			runOnlyForDeploymentPostprocessing = 0;
		};
		9E120E9A28AE4B7700996E01 /* Frameworks */ = {
			isa = PBXFrameworksBuildPhase;
			buildActionMask = 2147483647;
			files = (
			);
			runOnlyForDeploymentPostprocessing = 0;
		};
		9E120EA428AE4B7700996E01 /* Frameworks */ = {
			isa = PBXFrameworksBuildPhase;
			buildActionMask = 2147483647;
			files = (
			);
			runOnlyForDeploymentPostprocessing = 0;
		};
/* End PBXFrameworksBuildPhase section */

/* Begin PBXGroup section */
		9E120E7B28AE4B7600996E01 = {
			isa = PBXGroup;
			children = (
				9E120E8628AE4B7600996E01 /* CaseStudy1 */,
				9E120EA028AE4B7700996E01 /* CaseStudy1Tests */,
				9E120EAA28AE4B7700996E01 /* CaseStudy1UITests */,
				9E120E8528AE4B7600996E01 /* Products */,
			);
			sourceTree = "<group>";
		};
		9E120E8528AE4B7600996E01 /* Products */ = {
			isa = PBXGroup;
			children = (
				9E120E8428AE4B7600996E01 /* CaseStudy1.app */,
				9E120E9D28AE4B7700996E01 /* CaseStudy1Tests.xctest */,
				9E120EA728AE4B7700996E01 /* CaseStudy1UITests.xctest */,
			);
			name = Products;
			sourceTree = "<group>";
		};
		9E120E8628AE4B7600996E01 /* CaseStudy1 */ = {
			isa = PBXGroup;
			children = (
				9E120E8728AE4B7600996E01 /* AppDelegate.swift */,
				9E120E8928AE4B7600996E01 /* SceneDelegate.swift */,
				9E120E8B28AE4B7600996E01 /* LoginViewController.swift */,
				9E120EBA28AE535700996E01 /* SignUpViewController.swift */,
				9E120EBC28AE82D800996E01 /* EmployeeViewController.swift */,
				9E828A7D28BE01CB00E19300 /* RowSelectedViewController.swift */,
				9E56A8A828C07FD800E9D31E /* NetworkCallViewController.swift */,
				9E828A7F28BE214500E19300 /* ForgotPasswordViewController.swift */,
				9EDDC66C28C1DA55000DA36D /* OfflineJsonViewController.swift */,
				9E17C17F28C5BA2E00578D4C /* MapViewController.swift */,
				9E120E8D28AE4B7600996E01 /* Main.storyboard */,
				9E120E9328AE4B7700996E01 /* Assets.xcassets */,
				9E120E9528AE4B7700996E01 /* LaunchScreen.storyboard */,
				9E120E9828AE4B7700996E01 /* Info.plist */,
				9E120E9028AE4B7600996E01 /* CaseStudy1.xcdatamodeld */,
				9EDDC66A28C1D352000DA36D /* Users.json */,
				9E66A4BA28C0C43400B09C88 /* Books.xml */,
			);
			path = CaseStudy1;
			sourceTree = "<group>";
		};
		9E120EA028AE4B7700996E01 /* CaseStudy1Tests */ = {
			isa = PBXGroup;
			children = (
				9E120EA128AE4B7700996E01 /* CaseStudy1Tests.swift */,
			);
			path = CaseStudy1Tests;
			sourceTree = "<group>";
		};
		9E120EAA28AE4B7700996E01 /* CaseStudy1UITests */ = {
			isa = PBXGroup;
			children = (
				9E120EAB28AE4B7700996E01 /* CaseStudy1UITests.swift */,
				9E120EAD28AE4B7700996E01 /* CaseStudy1UITestsLaunchTests.swift */,
			);
			path = CaseStudy1UITests;
			sourceTree = "<group>";
		};
/* End PBXGroup section */

/* Begin PBXNativeTarget section */
		9E120E8328AE4B7600996E01 /* CaseStudy1 */ = {
			isa = PBXNativeTarget;
			buildConfigurationList = 9E120EB128AE4B7700996E01 /* Build configuration list for PBXNativeTarget "CaseStudy1" */;
			buildPhases = (
				9E120E8028AE4B7600996E01 /* Sources */,
				9E120E8128AE4B7600996E01 /* Frameworks */,
				9E120E8228AE4B7600996E01 /* Resources */,
			);
			buildRules = (
			);
			dependencies = (
			);
			name = CaseStudy1;
			productName = CaseStudy1;
			productReference = 9E120E8428AE4B7600996E01 /* CaseStudy1.app */;
			productType = "com.apple.product-type.application";
		};
		9E120E9C28AE4B7700996E01 /* CaseStudy1Tests */ = {
			isa = PBXNativeTarget;
			buildConfigurationList = 9E120EB428AE4B7700996E01 /* Build configuration list for PBXNativeTarget "CaseStudy1Tests" */;
			buildPhases = (
				9E120E9928AE4B7700996E01 /* Sources */,
				9E120E9A28AE4B7700996E01 /* Frameworks */,
				9E120E9B28AE4B7700996E01 /* Resources */,
			);
			buildRules = (
			);
			dependencies = (
				9E120E9F28AE4B7700996E01 /* PBXTargetDependency */,
			);
			name = CaseStudy1Tests;
			productName = CaseStudy1Tests;
			productReference = 9E120E9D28AE4B7700996E01 /* CaseStudy1Tests.xctest */;
			productType = "com.apple.product-type.bundle.unit-test";
		};
		9E120EA628AE4B7700996E01 /* CaseStudy1UITests */ = {
			isa = PBXNativeTarget;
			buildConfigurationList = 9E120EB728AE4B7700996E01 /* Build configuration list for PBXNativeTarget "CaseStudy1UITests" */;
			buildPhases = (
				9E120EA328AE4B7700996E01 /* Sources */,
				9E120EA428AE4B7700996E01 /* Frameworks */,
				9E120EA528AE4B7700996E01 /* Resources */,
			);
			buildRules = (
			);
			dependencies = (
				9E120EA928AE4B7700996E01 /* PBXTargetDependency */,
			);
			name = CaseStudy1UITests;
			productName = CaseStudy1UITests;
			productReference = 9E120EA728AE4B7700996E01 /* CaseStudy1UITests.xctest */;
			productType = "com.apple.product-type.bundle.ui-testing";
		};
/* End PBXNativeTarget section */

/* Begin PBXProject section */
		9E120E7C28AE4B7600996E01 /* Project object */ = {
			isa = PBXProject;
			attributes = {
				BuildIndependentTargetsInParallel = 1;
				LastSwiftUpdateCheck = 1340;
				LastUpgradeCheck = 1340;
				TargetAttributes = {
					9E120E8328AE4B7600996E01 = {
						CreatedOnToolsVersion = 13.4.1;
					};
					9E120E9C28AE4B7700996E01 = {
						CreatedOnToolsVersion = 13.4.1;
						TestTargetID = 9E120E8328AE4B7600996E01;
					};
					9E120EA628AE4B7700996E01 = {
						CreatedOnToolsVersion = 13.4.1;
						TestTargetID = 9E120E8328AE4B7600996E01;
					};
				};
			};
			buildConfigurationList = 9E120E7F28AE4B7600996E01 /* Build configuration list for PBXProject "CaseStudy1" */;
			compatibilityVersion = "Xcode 13.0";
			developmentRegion = en;
			hasScannedForEncodings = 0;
			knownRegions = (
				en,
				Base,
			);
			mainGroup = 9E120E7B28AE4B7600996E01;
			productRefGroup = 9E120E8528AE4B7600996E01 /* Products */;
			projectDirPath = "";
			projectRoot = "";
			targets = (
				9E120E8328AE4B7600996E01 /* CaseStudy1 */,
				9E120E9C28AE4B7700996E01 /* CaseStudy1Tests */,
				9E120EA628AE4B7700996E01 /* CaseStudy1UITests */,
			);
		};
/* End PBXProject section */

/* Begin PBXResourcesBuildPhase section */
		9E120E8228AE4B7600996E01 /* Resources */ = {
			isa = PBXResourcesBuildPhase;
			buildActionMask = 2147483647;
			files = (
				9E120E9728AE4B7700996E01 /* LaunchScreen.storyboard in Resources */,
				9E120E9428AE4B7700996E01 /* Assets.xcassets in Resources */,
				9E66A4BB28C0C43400B09C88 /* Books.xml in Resources */,
				9EDDC66B28C1D352000DA36D /* Users.json in Resources */,
				9E120E8F28AE4B7600996E01 /* Main.storyboard in Resources */,
			);
			runOnlyForDeploymentPostprocessing = 0;
		};
		9E120E9B28AE4B7700996E01 /* Resources */ = {
			isa = PBXResourcesBuildPhase;
			buildActionMask = 2147483647;
			files = (
			);
			runOnlyForDeploymentPostprocessing = 0;
		};
		9E120EA528AE4B7700996E01 /* Resources */ = {
			isa = PBXResourcesBuildPhase;
			buildActionMask = 2147483647;
			files = (
			);
			runOnlyForDeploymentPostprocessing = 0;
		};
/* End PBXResourcesBuildPhase section */

/* Begin PBXSourcesBuildPhase section */
		9E120E8028AE4B7600996E01 /* Sources */ = {
			isa = PBXSourcesBuildPhase;
			buildActionMask = 2147483647;
			files = (
				9E17C18028C5BA2E00578D4C /* MapViewController.swift in Sources */,
				9E828A8028BE214500E19300 /* ForgotPasswordViewController.swift in Sources */,
				9E120E8C28AE4B7600996E01 /* LoginViewController.swift in Sources */,
				9E56A8A928C07FD800E9D31E /* NetworkCallViewController.swift in Sources */,
				9E120E9228AE4B7600996E01 /* CaseStudy1.xcdatamodeld in Sources */,
				9E120E8828AE4B7600996E01 /* AppDelegate.swift in Sources */,
				9E828A7E28BE01CB00E19300 /* RowSelectedViewController.swift in Sources */,
				9EDDC66D28C1DA55000DA36D /* OfflineJsonViewController.swift in Sources */,
				9E120E8A28AE4B7600996E01 /* SceneDelegate.swift in Sources */,
				9E120EBD28AE82D800996E01 /* EmployeeViewController.swift in Sources */,
				9E120EBB28AE535700996E01 /* SignUpViewController.swift in Sources */,
			);
			runOnlyForDeploymentPostprocessing = 0;
		};
		9E120E9928AE4B7700996E01 /* Sources */ = {
			isa = PBXSourcesBuildPhase;
			buildActionMask = 2147483647;
			files = (
				9E120EA228AE4B7700996E01 /* CaseStudy1Tests.swift in Sources */,
			);
			runOnlyForDeploymentPostprocessing = 0;
		};
		9E120EA328AE4B7700996E01 /* Sources */ = {
			isa = PBXSourcesBuildPhase;
			buildActionMask = 2147483647;
			files = (
				9E120EAE28AE4B7700996E01 /* CaseStudy1UITestsLaunchTests.swift in Sources */,
				9E120EAC28AE4B7700996E01 /* CaseStudy1UITests.swift in Sources */,
			);
			runOnlyForDeploymentPostprocessing = 0;
		};
/* End PBXSourcesBuildPhase section */

/* Begin PBXTargetDependency section */
		9E120E9F28AE4B7700996E01 /* PBXTargetDependency */ = {
			isa = PBXTargetDependency;
			target = 9E120E8328AE4B7600996E01 /* CaseStudy1 */;
			targetProxy = 9E120E9E28AE4B7700996E01 /* PBXContainerItemProxy */;
		};
		9E120EA928AE4B7700996E01 /* PBXTargetDependency */ = {
			isa = PBXTargetDependency;
			target = 9E120E8328AE4B7600996E01 /* CaseStudy1 */;
			targetProxy = 9E120EA828AE4B7700996E01 /* PBXContainerItemProxy */;
		};
/* End PBXTargetDependency section */

/* Begin PBXVariantGroup section */
		9E120E8D28AE4B7600996E01 /* Main.storyboard */ = {
			isa = PBXVariantGroup;
			children = (
				9E120E8E28AE4B7600996E01 /* Base */,
			);
			name = Main.storyboard;
			sourceTree = "<group>";
		};
		9E120E9528AE4B7700996E01 /* LaunchScreen.storyboard */ = {
			isa = PBXVariantGroup;
			children = (
				9E120E9628AE4B7700996E01 /* Base */,
			);
			name = LaunchScreen.storyboard;
			sourceTree = "<group>";
		};
/* End PBXVariantGroup section */

/* Begin XCBuildConfiguration section */
		9E120EAF28AE4B7700996E01 /* Debug */ = {
			isa = XCBuildConfiguration;
			buildSettings = {
				ALWAYS_SEARCH_USER_PATHS = NO;
				CLANG_ANALYZER_NONNULL = YES;
				CLANG_ANALYZER_NUMBER_OBJECT_CONVERSION = YES_AGGRESSIVE;
				CLANG_CXX_LANGUAGE_STANDARD = "gnu++17";
				CLANG_ENABLE_MODULES = YES;
				CLANG_ENABLE_OBJC_ARC = YES;
				CLANG_ENABLE_OBJC_WEAK = YES;
				CLANG_WARN_BLOCK_CAPTURE_AUTORELEASING = YES;
				CLANG_WARN_BOOL_CONVERSION = YES;
				CLANG_WARN_COMMA = YES;
				CLANG_WARN_CONSTANT_CONVERSION = YES;
				CLANG_WARN_DEPRECATED_OBJC_IMPLEMENTATIONS = YES;
				CLANG_WARN_DIRECT_OBJC_ISA_USAGE = YES_ERROR;
				CLANG_WARN_DOCUMENTATION_COMMENTS = YES;
				CLANG_WARN_EMPTY_BODY = YES;
				CLANG_WARN_ENUM_CONVERSION = YES;
				CLANG_WARN_INFINITE_RECURSION = YES;
				CLANG_WARN_INT_CONVERSION = YES;
				CLANG_WARN_NON_LITERAL_NULL_CONVERSION = YES;
				CLANG_WARN_OBJC_IMPLICIT_RETAIN_SELF = YES;
				CLANG_WARN_OBJC_LITERAL_CONVERSION = YES;
				CLANG_WARN_OBJC_ROOT_CLASS = YES_ERROR;
				CLANG_WARN_QUOTED_INCLUDE_IN_FRAMEWORK_HEADER = YES;
				CLANG_WARN_RANGE_LOOP_ANALYSIS = YES;
				CLANG_WARN_STRICT_PROTOTYPES = YES;
				CLANG_WARN_SUSPICIOUS_MOVE = YES;
				CLANG_WARN_UNGUARDED_AVAILABILITY = YES_AGGRESSIVE;
				CLANG_WARN_UNREACHABLE_CODE = YES;
				CLANG_WARN__DUPLICATE_METHOD_MATCH = YES;
				COPY_PHASE_STRIP = NO;
				DEBUG_INFORMATION_FORMAT = dwarf;
				ENABLE_STRICT_OBJC_MSGSEND = YES;
				ENABLE_TESTABILITY = YES;
				GCC_C_LANGUAGE_STANDARD = gnu11;
				GCC_DYNAMIC_NO_PIC = NO;
				GCC_NO_COMMON_BLOCKS = YES;
				GCC_OPTIMIZATION_LEVEL = 0;
				GCC_PREPROCESSOR_DEFINITIONS = (
					"DEBUG=1",
					"$(inherited)",
				);
				GCC_WARN_64_TO_32_BIT_CONVERSION = YES;
				GCC_WARN_ABOUT_RETURN_TYPE = YES_ERROR;
				GCC_WARN_UNDECLARED_SELECTOR = YES;
				GCC_WARN_UNINITIALIZED_AUTOS = YES_AGGRESSIVE;
				GCC_WARN_UNUSED_FUNCTION = YES;
				GCC_WARN_UNUSED_VARIABLE = YES;
				IPHONEOS_DEPLOYMENT_TARGET = 15.5;
				MTL_ENABLE_DEBUG_INFO = INCLUDE_SOURCE;
				MTL_FAST_MATH = YES;
				ONLY_ACTIVE_ARCH = YES;
				SDKROOT = iphoneos;
				SWIFT_ACTIVE_COMPILATION_CONDITIONS = DEBUG;
				SWIFT_OPTIMIZATION_LEVEL = "-Onone";
			};
			name = Debug;
		};
		9E120EB028AE4B7700996E01 /* Release */ = {
			isa = XCBuildConfiguration;
			buildSettings = {
				ALWAYS_SEARCH_USER_PATHS = NO;
				CLANG_ANALYZER_NONNULL = YES;
				CLANG_ANALYZER_NUMBER_OBJECT_CONVERSION = YES_AGGRESSIVE;
				CLANG_CXX_LANGUAGE_STANDARD = "gnu++17";
				CLANG_ENABLE_MODULES = YES;
				CLANG_ENABLE_OBJC_ARC = YES;
				CLANG_ENABLE_OBJC_WEAK = YES;
				CLANG_WARN_BLOCK_CAPTURE_AUTORELEASING = YES;
				CLANG_WARN_BOOL_CONVERSION = YES;
				CLANG_WARN_COMMA = YES;
				CLANG_WARN_CONSTANT_CONVERSION = YES;
				CLANG_WARN_DEPRECATED_OBJC_IMPLEMENTATIONS = YES;
				CLANG_WARN_DIRECT_OBJC_ISA_USAGE = YES_ERROR;
				CLANG_WARN_DOCUMENTATION_COMMENTS = YES;
				CLANG_WARN_EMPTY_BODY = YES;
				CLANG_WARN_ENUM_CONVERSION = YES;
				CLANG_WARN_INFINITE_RECURSION = YES;
				CLANG_WARN_INT_CONVERSION = YES;
				CLANG_WARN_NON_LITERAL_NULL_CONVERSION = YES;
				CLANG_WARN_OBJC_IMPLICIT_RETAIN_SELF = YES;
				CLANG_WARN_OBJC_LITERAL_CONVERSION = YES;
				CLANG_WARN_OBJC_ROOT_CLASS = YES_ERROR;
				CLANG_WARN_QUOTED_INCLUDE_IN_FRAMEWORK_HEADER = YES;
				CLANG_WARN_RANGE_LOOP_ANALYSIS = YES;
				CLANG_WARN_STRICT_PROTOTYPES = YES;
				CLANG_WARN_SUSPICIOUS_MOVE = YES;
				CLANG_WARN_UNGUARDED_AVAILABILITY = YES_AGGRESSIVE;
				CLANG_WARN_UNREACHABLE_CODE = YES;
				CLANG_WARN__DUPLICATE_METHOD_MATCH = YES;
				COPY_PHASE_STRIP = NO;
				DEBUG_INFORMATION_FORMAT = "dwarf-with-dsym";
				ENABLE_NS_ASSERTIONS = NO;
				ENABLE_STRICT_OBJC_MSGSEND = YES;
				GCC_C_LANGUAGE_STANDARD = gnu11;
				GCC_NO_COMMON_BLOCKS = YES;
				GCC_WARN_64_TO_32_BIT_CONVERSION = YES;
				GCC_WARN_ABOUT_RETURN_TYPE = YES_ERROR;
				GCC_WARN_UNDECLARED_SELECTOR = YES;
				GCC_WARN_UNINITIALIZED_AUTOS = YES_AGGRESSIVE;
				GCC_WARN_UNUSED_FUNCTION = YES;
				GCC_WARN_UNUSED_VARIABLE = YES;
				IPHONEOS_DEPLOYMENT_TARGET = 15.5;
				MTL_ENABLE_DEBUG_INFO = NO;
				MTL_FAST_MATH = YES;
				SDKROOT = iphoneos;
				SWIFT_COMPILATION_MODE = wholemodule;
				SWIFT_OPTIMIZATION_LEVEL = "-O";
				VALIDATE_PRODUCT = YES;
			};
			name = Release;
		};
		9E120EB228AE4B7700996E01 /* Debug */ = {
			isa = XCBuildConfiguration;
			buildSettings = {
				ASSETCATALOG_COMPILER_APPICON_NAME = AppIcon;
				ASSETCATALOG_COMPILER_GLOBAL_ACCENT_COLOR_NAME = AccentColor;
				CODE_SIGN_STYLE = Automatic;
				CURRENT_PROJECT_VERSION = 1;
				GENERATE_INFOPLIST_FILE = YES;
				INFOPLIST_FILE = CaseStudy1/Info.plist;
				INFOPLIST_KEY_UIApplicationSupportsIndirectInputEvents = YES;
				INFOPLIST_KEY_UILaunchStoryboardName = LaunchScreen;
				INFOPLIST_KEY_UIMainStoryboardFile = Main;
				INFOPLIST_KEY_UISupportedInterfaceOrientations = "UIInterfaceOrientationPortrait UIInterfaceOrientationLandscapeLeft";
				INFOPLIST_KEY_UISupportedInterfaceOrientations_iPad = "UIInterfaceOrientationPortrait UIInterfaceOrientationPortraitUpsideDown UIInterfaceOrientationLandscapeLeft UIInterfaceOrientationLandscapeRight";
				INFOPLIST_KEY_UISupportedInterfaceOrientations_iPhone = "UIInterfaceOrientationPortrait UIInterfaceOrientationLandscapeLeft UIInterfaceOrientationLandscapeRight";
				LD_RUNPATH_SEARCH_PATHS = (
					"$(inherited)",
					"@executable_path/Frameworks",
				);
				MARKETING_VERSION = 1.0;
				PRODUCT_BUNDLE_IDENTIFIER = com.capgemini.CaseStudy1;
				PRODUCT_NAME = "$(TARGET_NAME)";
				SWIFT_EMIT_LOC_STRINGS = YES;
				SWIFT_VERSION = 5.0;
				TARGETED_DEVICE_FAMILY = "1,2";
			};
			name = Debug;
		};
		9E120EB328AE4B7700996E01 /* Release */ = {
			isa = XCBuildConfiguration;
			buildSettings = {
				ASSETCATALOG_COMPILER_APPICON_NAME = AppIcon;
				ASSETCATALOG_COMPILER_GLOBAL_ACCENT_COLOR_NAME = AccentColor;
				CODE_SIGN_STYLE = Automatic;
				CURRENT_PROJECT_VERSION = 1;
				GENERATE_INFOPLIST_FILE = YES;
				INFOPLIST_FILE = CaseStudy1/Info.plist;
				INFOPLIST_KEY_UIApplicationSupportsIndirectInputEvents = YES;
				INFOPLIST_KEY_UILaunchStoryboardName = LaunchScreen;
				INFOPLIST_KEY_UIMainStoryboardFile = Main;
				INFOPLIST_KEY_UISupportedInterfaceOrientations = "UIInterfaceOrientationPortrait UIInterfaceOrientationLandscapeLeft";
				INFOPLIST_KEY_UISupportedInterfaceOrientations_iPad = "UIInterfaceOrientationPortrait UIInterfaceOrientationPortraitUpsideDown UIInterfaceOrientationLandscapeLeft UIInterfaceOrientationLandscapeRight";
				INFOPLIST_KEY_UISupportedInterfaceOrientations_iPhone = "UIInterfaceOrientationPortrait UIInterfaceOrientationLandscapeLeft UIInterfaceOrientationLandscapeRight";
				LD_RUNPATH_SEARCH_PATHS = (
					"$(inherited)",
					"@executable_path/Frameworks",
				);
				MARKETING_VERSION = 1.0;
				PRODUCT_BUNDLE_IDENTIFIER = com.capgemini.CaseStudy1;
				PRODUCT_NAME = "$(TARGET_NAME)";
				SWIFT_EMIT_LOC_STRINGS = YES;
				SWIFT_VERSION = 5.0;
				TARGETED_DEVICE_FAMILY = "1,2";
			};
			name = Release;
		};
		9E120EB528AE4B7700996E01 /* Debug */ = {
			isa = XCBuildConfiguration;
			buildSettings = {
				ALWAYS_EMBED_SWIFT_STANDARD_LIBRARIES = YES;
				BUNDLE_LOADER = "$(TEST_HOST)";
				CODE_SIGN_STYLE = Automatic;
				CURRENT_PROJECT_VERSION = 1;
				GENERATE_INFOPLIST_FILE = YES;
				IPHONEOS_DEPLOYMENT_TARGET = 15.5;
				MARKETING_VERSION = 1.0;
				PRODUCT_BUNDLE_IDENTIFIER = com.capgemini.CaseStudy1Tests;
				PRODUCT_NAME = "$(TARGET_NAME)";
				SWIFT_EMIT_LOC_STRINGS = NO;
				SWIFT_VERSION = 5.0;
				TARGETED_DEVICE_FAMILY = "1,2";
				TEST_HOST = "$(BUILT_PRODUCTS_DIR)/CaseStudy1.app/CaseStudy1";
			};
			name = Debug;
		};
		9E120EB628AE4B7700996E01 /* Release */ = {
			isa = XCBuildConfiguration;
			buildSettings = {
				ALWAYS_EMBED_SWIFT_STANDARD_LIBRARIES = YES;
				BUNDLE_LOADER = "$(TEST_HOST)";
				CODE_SIGN_STYLE = Automatic;
				CURRENT_PROJECT_VERSION = 1;
				GENERATE_INFOPLIST_FILE = YES;
				IPHONEOS_DEPLOYMENT_TARGET = 15.5;
				MARKETING_VERSION = 1.0;
				PRODUCT_BUNDLE_IDENTIFIER = com.capgemini.CaseStudy1Tests;
				PRODUCT_NAME = "$(TARGET_NAME)";
				SWIFT_EMIT_LOC_STRINGS = NO;
				SWIFT_VERSION = 5.0;
				TARGETED_DEVICE_FAMILY = "1,2";
				TEST_HOST = "$(BUILT_PRODUCTS_DIR)/CaseStudy1.app/CaseStudy1";
			};
			name = Release;
		};
		9E120EB828AE4B7700996E01 /* Debug */ = {
			isa = XCBuildConfiguration;
			buildSettings = {
				ALWAYS_EMBED_SWIFT_STANDARD_LIBRARIES = YES;
				CODE_SIGN_STYLE = Automatic;
				CURRENT_PROJECT_VERSION = 1;
				GENERATE_INFOPLIST_FILE = YES;
				MARKETING_VERSION = 1.0;
				PRODUCT_BUNDLE_IDENTIFIER = com.capgemini.CaseStudy1UITests;
				PRODUCT_NAME = "$(TARGET_NAME)";
				SWIFT_EMIT_LOC_STRINGS = NO;
				SWIFT_VERSION = 5.0;
				TARGETED_DEVICE_FAMILY = "1,2";
				TEST_TARGET_NAME = CaseStudy1;
			};
			name = Debug;
		};
		9E120EB928AE4B7700996E01 /* Release */ = {
			isa = XCBuildConfiguration;
			buildSettings = {
				ALWAYS_EMBED_SWIFT_STANDARD_LIBRARIES = YES;
				CODE_SIGN_STYLE = Automatic;
				CURRENT_PROJECT_VERSION = 1;
				GENERATE_INFOPLIST_FILE = YES;
				MARKETING_VERSION = 1.0;
				PRODUCT_BUNDLE_IDENTIFIER = com.capgemini.CaseStudy1UITests;
				PRODUCT_NAME = "$(TARGET_NAME)";
				SWIFT_EMIT_LOC_STRINGS = NO;
				SWIFT_VERSION = 5.0;
				TARGETED_DEVICE_FAMILY = "1,2";
				TEST_TARGET_NAME = CaseStudy1;
			};
			name = Release;
		};
/* End XCBuildConfiguration section */

/* Begin XCConfigurationList section */
		9E120E7F28AE4B7600996E01 /* Build configuration list for PBXProject "CaseStudy1" */ = {
			isa = XCConfigurationList;
			buildConfigurations = (
				9E120EAF28AE4B7700996E01 /* Debug */,
				9E120EB028AE4B7700996E01 /* Release */,
			);
			defaultConfigurationIsVisible = 0;
			defaultConfigurationName = Release;
		};
		9E120EB128AE4B7700996E01 /* Build configuration list for PBXNativeTarget "CaseStudy1" */ = {
			isa = XCConfigurationList;
			buildConfigurations = (
				9E120EB228AE4B7700996E01 /* Debug */,
				9E120EB328AE4B7700996E01 /* Release */,
			);
			defaultConfigurationIsVisible = 0;
			defaultConfigurationName = Release;
		};
		9E120EB428AE4B7700996E01 /* Build configuration list for PBXNativeTarget "CaseStudy1Tests" */ = {
			isa = XCConfigurationList;
			buildConfigurations = (
				9E120EB528AE4B7700996E01 /* Debug */,
				9E120EB628AE4B7700996E01 /* Release */,
			);
			defaultConfigurationIsVisible = 0;
			defaultConfigurationName = Release;
		};
		9E120EB728AE4B7700996E01 /* Build configuration list for PBXNativeTarget "CaseStudy1UITests" */ = {
			isa = XCConfigurationList;
			buildConfigurations = (
				9E120EB828AE4B7700996E01 /* Debug */,
				9E120EB928AE4B7700996E01 /* Release */,
			);
			defaultConfigurationIsVisible = 0;
			defaultConfigurationName = Release;
		};
/* End XCConfigurationList section */

/* Begin XCVersionGroup section */
		9E120E9028AE4B7600996E01 /* CaseStudy1.xcdatamodeld */ = {
			isa = XCVersionGroup;
			children = (
				9E120E9128AE4B7600996E01 /* CaseStudy1.xcdatamodel */,
			);
			currentVersion = 9E120E9128AE4B7600996E01 /* CaseStudy1.xcdatamodel */;
			path = CaseStudy1.xcdatamodeld;
			sourceTree = "<group>";
			versionGroupType = wrapper.xcdatamodel;
		};
/* End XCVersionGroup section */
	};
	rootObject = 9E120E7C28AE4B7600996E01 /* Project object */;
}
